{
  "name": "cortex-agent",
  "version": "1.4.1",
  "lockfileVersion": 3,
  "requires": true,
  "packages": {
    "": {
      "name": "cortex-agent",
      "version": "1.4.1",
      "license": "MIT",
      "bin": {
        "cortex-agent": "bin/cli.js"
      },
      "engines": {
        "node": ">=14.0.0"
      }
    }
  }
}
