lockfileVersion: '9.0'

settings:
  autoInstallPeers: false
  excludeLinksFromLockfile: false

importers:

  .: {}

  packages/extension-sdk:
    dependencies:
      '@cortex-agent/protocol':
        specifier: workspace:*
        version: link:../protocol

  packages/project-sdk:
    dependencies:
      '@cortex-agent/protocol':
        specifier: workspace:*
        version: link:../protocol

  packages/protocol: {}

  packages/runtime-paseo:
    dependencies:
      '@cortex-agent/protocol':
        specifier: workspace:*
        version: link:../protocol
      '@cortex-agent/runtime-port':
        specifier: workspace:*
        version: link:../runtime-port
    peerDependencies:
      '@getpaseo/client':
        specifier: ^0.10.0

  packages/runtime-port:
    dependencies:
      '@cortex-agent/protocol':
        specifier: workspace:*
        version: link:../protocol

  packages/sdk:
    dependencies:
      '@cortex-agent/protocol':
        specifier: workspace:*
        version: link:../protocol
